// !$*UTF8*$!
{
	archiveVersion = 1;
	classes = {
	};
	objectVersion = 50;
	objects = {

/* Begin PBXBuildFile section */
		1174F40B2079D10100105D9F /* ParkListCell.swift in Sources */ = {isa = PBXBuildFile; fileRef = 1174F4092079D10100105D9F /* ParkListCell.swift */; };
		1174F40C2079D10100105D9F /* ParkListCell.xib in Resources */ = {isa = PBXBuildFile; fileRef = 1174F40A2079D10100105D9F /* ParkListCell.xib */; };
		1174F4702079EA6800105D9F /* SDWebImage.framework in Frameworks */ = {isa = PBXBuildFile; fileRef = 1174F46F2079EA6800105D9F /* SDWebImage.framework */; };
		1174F4742079F01C00105D9F /* ParkDetailViewController.swift in Sources */ = {isa = PBXBuildFile; fileRef = 1174F4722079F01C00105D9F /* ParkDetailViewController.swift */; };
		1174F4752079F01C00105D9F /* ParkDetailViewController.xib in Resources */ = {isa = PBXBuildFile; fileRef = 1174F4732079F01C00105D9F /* ParkDetailViewController.xib */; };
		1174F4782079FDC600105D9F /* OtherPlaceCell.swift in Sources */ = {isa = PBXBuildFile; fileRef = 1174F4762079FDC600105D9F /* OtherPlaceCell.swift */; };
		1174F4792079FDC600105D9F /* OtherPlaceCell.xib in Resources */ = {isa = PBXBuildFile; fileRef = 1174F4772079FDC600105D9F /* OtherPlaceCell.xib */; };
		117B99452077B2D800E8D534 /* AppDelegate.swift in Sources */ = {isa = PBXBuildFile; fileRef = 117B99442077B2D800E8D534 /* AppDelegate.swift */; };
		117B99472077B2D800E8D534 /* ViewController.swift in Sources */ = {isa = PBXBuildFile; fileRef = 117B99462077B2D800E8D534 /* ViewController.swift */; };
		117B994A2077B2D800E8D534 /* Main.storyboard in Resources */ = {isa = PBXBuildFile; fileRef = 117B99482077B2D800E8D534 /* Main.storyboard */; };
		117B994C2077B2DB00E8D534 /* Assets.xcassets in Resources */ = {isa = PBXBuildFile; fileRef = 117B994B2077B2DB00E8D534 /* Assets.xcassets */; };
		117B994F2077B2DB00E8D534 /* LaunchScreen.storyboard in Resources */ = {isa = PBXBuildFile; fileRef = 117B994D2077B2DB00E8D534 /* LaunchScreen.storyboard */; };
		117B995A2077B89100E8D534 /* ParkInfoModel.swift in Sources */ = {isa = PBXBuildFile; fileRef = 117B99592077B89100E8D534 /* ParkInfoModel.swift */; };
		28050FAF2A3967256241CF3A /* Pods_ParkBook.framework in Frameworks */ = {isa = PBXBuildFile; fileRef = 9604D523553D4344AE72B211 /* Pods_ParkBook.framework */; };
/* End PBXBuildFile section */

/* Begin PBXFileReference section */
		1174F4092079D10100105D9F /* ParkListCell.swift */ = {isa = PBXFileReference; lastKnownFileType = sourcecode.swift; path = ParkListCell.swift; sourceTree = "<group>"; };
		1174F40A2079D10100105D9F /* ParkListCell.xib */ = {isa = PBXFileReference; lastKnownFileType = file.xib; path = ParkListCell.xib; sourceTree = "<group>"; };
		1174F46D2079E1F300105D9F /* ImageIO.framework */ = {isa = PBXFileReference; lastKnownFileType = wrapper.framework; name = ImageIO.framework; path = System/Library/Frameworks/ImageIO.framework; sourceTree = SDKROOT; };
		1174F46F2079EA6800105D9F /* SDWebImage.framework */ = {isa = PBXFileReference; explicitFileType = wrapper.framework; path = SDWebImage.framework; sourceTree = BUILT_PRODUCTS_DIR; };
		1174F4722079F01C00105D9F /* ParkDetailViewController.swift */ = {isa = PBXFileReference; lastKnownFileType = sourcecode.swift; path = ParkDetailViewController.swift; sourceTree = "<group>"; };
		1174F4732079F01C00105D9F /* ParkDetailViewController.xib */ = {isa = PBXFileReference; lastKnownFileType = file.xib; path = ParkDetailViewController.xib; sourceTree = "<group>"; };
		1174F4762079FDC600105D9F /* OtherPlaceCell.swift */ = {isa = PBXFileReference; lastKnownFileType = sourcecode.swift; path = OtherPlaceCell.swift; sourceTree = "<group>"; };
		1174F4772079FDC600105D9F /* OtherPlaceCell.xib */ = {isa = PBXFileReference; lastKnownFileType = file.xib; path = OtherPlaceCell.xib; sourceTree = "<group>"; };
		117B99412077B2D800E8D534 /* ParkBook.app */ = {isa = PBXFileReference; explicitFileType = wrapper.application; includeInIndex = 0; path = ParkBook.app; sourceTree = BUILT_PRODUCTS_DIR; };
		117B99442077B2D800E8D534 /* AppDelegate.swift */ = {isa = PBXFileReference; lastKnownFileType = sourcecode.swift; path = AppDelegate.swift; sourceTree = "<group>"; };
		117B99462077B2D800E8D534 /* ViewController.swift */ = {isa = PBXFileReference; lastKnownFileType = sourcecode.swift; path = ViewController.swift; sourceTree = "<group>"; };
		117B99492077B2D800E8D534 /* Base */ = {isa = PBXFileReference; lastKnownFileType = file.storyboard; name = Base; path = Base.lproj/Main.storyboard; sourceTree = "<group>"; };
		117B994B2077B2DB00E8D534 /* Assets.xcassets */ = {isa = PBXFileReference; lastKnownFileType = folder.assetcatalog; path = Assets.xcassets; sourceTree = "<group>"; };
		117B994E2077B2DB00E8D534 /* Base */ = {isa = PBXFileReference; lastKnownFileType = file.storyboard; name = Base; path = Base.lproj/LaunchScreen.storyboard; sourceTree = "<group>"; };
		117B99502077B2DB00E8D534 /* Info.plist */ = {isa = PBXFileReference; lastKnownFileType = text.plist.xml; path = Info.plist; sourceTree = "<group>"; };
		117B99592077B89100E8D534 /* ParkInfoModel.swift */ = {isa = PBXFileReference; lastKnownFileType = sourcecode.swift; path = ParkInfoModel.swift; sourceTree = "<group>"; };
		9604D523553D4344AE72B211 /* Pods_ParkBook.framework */ = {isa = PBXFileReference; explicitFileType = wrapper.framework; includeInIndex = 0; path = Pods_ParkBook.framework; sourceTree = BUILT_PRODUCTS_DIR; };
		B4F85993882FCC53590C8D79 /* Pods-ParkBook.debug.xcconfig */ = {isa = PBXFileReference; includeInIndex = 1; lastKnownFileType = text.xcconfig; name = "Pods-ParkBook.debug.xcconfig"; path = "Pods/Target Support Files/Pods-ParkBook/Pods-ParkBook.debug.xcconfig"; sourceTree = "<group>"; };
		D6C38CF6F84F3E33E78BF553 /* Pods-ParkBook.release.xcconfig */ = {isa = PBXFileReference; includeInIndex = 1; lastKnownFileType = text.xcconfig; name = "Pods-ParkBook.release.xcconfig"; path = "Pods/Target Support Files/Pods-ParkBook/Pods-ParkBook.release.xcconfig"; sourceTree = "<group>"; };
/* End PBXFileReference section */

/* Begin PBXFrameworksBuildPhase section */
		117B993E2077B2D800E8D534 /* Frameworks */ = {
			isa = PBXFrameworksBuildPhase;
			buildActionMask = 2147483647;
			files = (
				1174F4702079EA6800105D9F /* SDWebImage.framework in Frameworks */,
				28050FAF2A3967256241CF3A /* Pods_ParkBook.framework in Frameworks */,
			);
			runOnlyForDeploymentPostprocessing = 0;
		};
/* End PBXFrameworksBuildPhase section */

/* Begin PBXGroup section */
		1174F4082079D0CB00105D9F /* Cell */ = {
			isa = PBXGroup;
			children = (
				1174F4092079D10100105D9F /* ParkListCell.swift */,
				1174F40A2079D10100105D9F /* ParkListCell.xib */,
				1174F4762079FDC600105D9F /* OtherPlaceCell.swift */,
				1174F4772079FDC600105D9F /* OtherPlaceCell.xib */,
			);
			path = Cell;
			sourceTree = "<group>";
		};
		1174F46C2079E1F300105D9F /* Frameworks */ = {
			isa = PBXGroup;
			children = (
				1174F46F2079EA6800105D9F /* SDWebImage.framework */,
				1174F46D2079E1F300105D9F /* ImageIO.framework */,
				9604D523553D4344AE72B211 /* Pods_ParkBook.framework */,
			);
			name = Frameworks;
			sourceTree = "<group>";
		};
		1174F4712079EFD100105D9F /* SubView */ = {
			isa = PBXGroup;
			children = (
				1174F4722079F01C00105D9F /* ParkDetailViewController.swift */,
				1174F4732079F01C00105D9F /* ParkDetailViewController.xib */,
			);
			path = SubView;
			sourceTree = "<group>";
		};
		117B99382077B2D800E8D534 = {
			isa = PBXGroup;
			children = (
				117B99432077B2D800E8D534 /* ParkBook */,
				117B99422077B2D800E8D534 /* Products */,
				1174F46C2079E1F300105D9F /* Frameworks */,
				7010147CB277B33BCED0139D /* Pods */,
			);
			sourceTree = "<group>";
		};
		117B99422077B2D800E8D534 /* Products */ = {
			isa = PBXGroup;
			children = (
				117B99412077B2D800E8D534 /* ParkBook.app */,
			);
			name = Products;
			sourceTree = "<group>";
		};
		117B99432077B2D800E8D534 /* ParkBook */ = {
			isa = PBXGroup;
			children = (
				117B994B2077B2DB00E8D534 /* Assets.xcassets */,
				117B99442077B2D800E8D534 /* AppDelegate.swift */,
				117B99462077B2D800E8D534 /* ViewController.swift */,
				117B99482077B2D800E8D534 /* Main.storyboard */,
				117B994D2077B2DB00E8D534 /* LaunchScreen.storyboard */,
				117B99502077B2DB00E8D534 /* Info.plist */,
				1174F4712079EFD100105D9F /* SubView */,
				1174F4082079D0CB00105D9F /* Cell */,
				117B99562077B2EA00E8D534 /* Model */,
			);
			path = ParkBook;
			sourceTree = "<group>";
		};
		117B99562077B2EA00E8D534 /* Model */ = {
			isa = PBXGroup;
			children = (
				117B99592077B89100E8D534 /* ParkInfoModel.swift */,
			);
			path = Model;
			sourceTree = "<group>";
		};
		7010147CB277B33BCED0139D /* Pods */ = {
			isa = PBXGroup;
			children = (
				B4F85993882FCC53590C8D79 /* Pods-ParkBook.debug.xcconfig */,
				D6C38CF6F84F3E33E78BF553 /* Pods-ParkBook.release.xcconfig */,
			);
			name = Pods;
			sourceTree = "<group>";
		};
/* End PBXGroup section */

/* Begin PBXNativeTarget section */
		117B99402077B2D800E8D534 /* ParkBook */ = {
			isa = PBXNativeTarget;
			buildConfigurationList = 117B99532077B2DB00E8D534 /* Build configuration list for PBXNativeTarget "ParkBook" */;
			buildPhases = (
				07F5943D6147C2814D128DCC /* [CP] Check Pods Manifest.lock */,
				117B993D2077B2D800E8D534 /* Sources */,
				117B993E2077B2D800E8D534 /* Frameworks */,
				117B993F2077B2D800E8D534 /* Resources */,
				7CBD422DF24858DDA7F20917 /* [CP] Embed Pods Frameworks */,
				CA0F026894E2AFD77330F234 /* [CP] Copy Pods Resources */,
			);
			buildRules = (
			);
			dependencies = (
			);
			name = ParkBook;
			productName = ParkBook;
			productReference = 117B99412077B2D800E8D534 /* ParkBook.app */;
			productType = "com.apple.product-type.application";
		};
/* End PBXNativeTarget section */

/* Begin PBXProject section */
		117B99392077B2D800E8D534 /* Project object */ = {
			isa = PBXProject;
			attributes = {
				LastSwiftUpdateCheck = 0930;
				LastUpgradeCheck = 0930;
				ORGANIZATIONNAME = April;
				TargetAttributes = {
					117B99402077B2D800E8D534 = {
						CreatedOnToolsVersion = 9.3;
					};
				};
			};
			buildConfigurationList = 117B993C2077B2D800E8D534 /* Build configuration list for PBXProject "ParkBook" */;
			compatibilityVersion = "Xcode 9.3";
			developmentRegion = en;
			hasScannedForEncodings = 0;
			knownRegions = (
				en,
				Base,
			);
			mainGroup = 117B99382077B2D800E8D534;
			productRefGroup = 117B99422077B2D800E8D534 /* Products */;
			projectDirPath = "";
			projectRoot = "";
			targets = (
				117B99402077B2D800E8D534 /* ParkBook */,
			);
		};
/* End PBXProject section */

/* Begin PBXResourcesBuildPhase section */
		117B993F2077B2D800E8D534 /* Resources */ = {
			isa = PBXResourcesBuildPhase;
			buildActionMask = 2147483647;
			files = (
				1174F4792079FDC600105D9F /* OtherPlaceCell.xib in Resources */,
				117B994F2077B2DB00E8D534 /* LaunchScreen.storyboard in Resources */,
				117B994C2077B2DB00E8D534 /* Assets.xcassets in Resources */,
				1174F4752079F01C00105D9F /* ParkDetailViewController.xib in Resources */,
				117B994A2077B2D800E8D534 /* Main.storyboard in Resources */,
				1174F40C2079D10100105D9F /* ParkListCell.xib in Resources */,
			);
			runOnlyForDeploymentPostprocessing = 0;
		};
/* End PBXResourcesBuildPhase section */

/* Begin PBXShellScriptBuildPhase section */
		07F5943D6147C2814D128DCC /* [CP] Check Pods Manifest.lock */ = {
			isa = PBXShellScriptBuildPhase;
			buildActionMask = 2147483647;
			files = (
			);
			inputPaths = (
				"${PODS_PODFILE_DIR_PATH}/Podfile.lock",
				"${PODS_ROOT}/Manifest.lock",
			);
			name = "[CP] Check Pods Manifest.lock";
			outputPaths = (
				"$(DERIVED_FILE_DIR)/Pods-ParkBook-checkManifestLockResult.txt",
			);
			runOnlyForDeploymentPostprocessing = 0;
			shellPath = /bin/sh;
			shellScript = "diff \"${PODS_PODFILE_DIR_PATH}/Podfile.lock\" \"${PODS_ROOT}/Manifest.lock\" > /dev/null\nif [ $? != 0 ] ; then\n    # print error to STDERR\n    echo \"error: The sandbox is not in sync with the Podfile.lock. Run 'pod install' or update your CocoaPods installation.\" >&2\n    exit 1\nfi\n# This output is used by Xcode 'outputs' to avoid re-running this script phase.\necho \"SUCCESS\" > \"${SCRIPT_OUTPUT_FILE_0}\"\n";
			showEnvVarsInLog = 0;
		};
		7CBD422DF24858DDA7F20917 /* [CP] Embed Pods Frameworks */ = {
			isa = PBXShellScriptBuildPhase;
			buildActionMask = 2147483647;
			files = (
			);
			inputPaths = (
				"${SRCROOT}/Pods/Target Support Files/Pods-ParkBook/Pods-ParkBook-frameworks.sh",
				"${BUILT_PRODUCTS_DIR}/SDWebImage/SDWebImage.framework",
			);
			name = "[CP] Embed Pods Frameworks";
			outputPaths = (
				"${TARGET_BUILD_DIR}/${FRAMEWORKS_FOLDER_PATH}/SDWebImage.framework",
			);
			runOnlyForDeploymentPostprocessing = 0;
			shellPath = /bin/sh;
			shellScript = "\"${SRCROOT}/Pods/Target Support Files/Pods-ParkBook/Pods-ParkBook-frameworks.sh\"\n";
			showEnvVarsInLog = 0;
		};
		CA0F026894E2AFD77330F234 /* [CP] Copy Pods Resources */ = {
			isa = PBXShellScriptBuildPhase;
			buildActionMask = 2147483647;
			files = (
			);
			inputPaths = (
			);
			name = "[CP] Copy Pods Resources";
			outputPaths = (
			);
			runOnlyForDeploymentPostprocessing = 0;
			shellPath = /bin/sh;
			shellScript = "\"${SRCROOT}/Pods/Target Support Files/Pods-ParkBook/Pods-ParkBook-resources.sh\"\n";
			showEnvVarsInLog = 0;
		};
/* End PBXShellScriptBuildPhase section */

/* Begin PBXSourcesBuildPhase section */
		117B993D2077B2D800E8D534 /* Sources */ = {
			isa = PBXSourcesBuildPhase;
			buildActionMask = 2147483647;
			files = (
				117B99472077B2D800E8D534 /* ViewController.swift in Sources */,
				117B99452077B2D800E8D534 /* AppDelegate.swift in Sources */,
				1174F4742079F01C00105D9F /* ParkDetailViewController.swift in Sources */,
				117B995A2077B89100E8D534 /* ParkInfoModel.swift in Sources */,
				1174F4782079FDC600105D9F /* OtherPlaceCell.swift in Sources */,
				1174F40B2079D10100105D9F /* ParkListCell.swift in Sources */,
			);
			runOnlyForDeploymentPostprocessing = 0;
		};
/* End PBXSourcesBuildPhase section */

/* Begin PBXVariantGroup section */
		117B99482077B2D800E8D534 /* Main.storyboard */ = {
			isa = PBXVariantGroup;
			children = (
				117B99492077B2D800E8D534 /* Base */,
			);
			name = Main.storyboard;
			sourceTree = "<group>";
		};
		117B994D2077B2DB00E8D534 /* LaunchScreen.storyboard */ = {
			isa = PBXVariantGroup;
			children = (
				117B994E2077B2DB00E8D534 /* Base */,
			);
			name = LaunchScreen.storyboard;
			sourceTree = "<group>";
		};
/* End PBXVariantGroup section */

/* Begin XCBuildConfiguration section */
		117B99512077B2DB00E8D534 /* Debug */ = {
			isa = XCBuildConfiguration;
			buildSettings = {
				ALWAYS_SEARCH_USER_PATHS = NO;
				CLANG_ANALYZER_NONNULL = YES;
				CLANG_ANALYZER_NUMBER_OBJECT_CONVERSION = YES_AGGRESSIVE;
				CLANG_CXX_LANGUAGE_STANDARD = "gnu++14";
				CLANG_CXX_LIBRARY = "libc++";
				CLANG_ENABLE_MODULES = YES;
				CLANG_ENABLE_OBJC_ARC = YES;
				CLANG_ENABLE_OBJC_WEAK = YES;
				CLANG_WARN_BLOCK_CAPTURE_AUTORELEASING = YES;
				CLANG_WARN_BOOL_CONVERSION = YES;
				CLANG_WARN_COMMA = YES;
				CLANG_WARN_CONSTANT_CONVERSION = YES;
				CLANG_WARN_DEPRECATED_OBJC_IMPLEMENTATIONS = YES;
				CLANG_WARN_DIRECT_OBJC_ISA_USAGE = YES_ERROR;
				CLANG_WARN_DOCUMENTATION_COMMENTS = YES;
				CLANG_WARN_EMPTY_BODY = YES;
				CLANG_WARN_ENUM_CONVERSION = YES;
				CLANG_WARN_INFINITE_RECURSION = YES;
				CLANG_WARN_INT_CONVERSION = YES;
				CLANG_WARN_NON_LITERAL_NULL_CONVERSION = YES;
				CLANG_WARN_OBJC_IMPLICIT_RETAIN_SELF = YES;
				CLANG_WARN_OBJC_LITERAL_CONVERSION = YES;
				CLANG_WARN_OBJC_ROOT_CLASS = YES_ERROR;
				CLANG_WARN_RANGE_LOOP_ANALYSIS = YES;
				CLANG_WARN_STRICT_PROTOTYPES = YES;
				CLANG_WARN_SUSPICIOUS_MOVE = YES;
				CLANG_WARN_UNGUARDED_AVAILABILITY = YES_AGGRESSIVE;
				CLANG_WARN_UNREACHABLE_CODE = YES;
				CLANG_WARN__DUPLICATE_METHOD_MATCH = YES;
				CODE_SIGN_IDENTITY = "iPhone Developer";
				COPY_PHASE_STRIP = NO;
				DEBUG_INFORMATION_FORMAT = dwarf;
				ENABLE_STRICT_OBJC_MSGSEND = YES;
				ENABLE_TESTABILITY = YES;
				GCC_C_LANGUAGE_STANDARD = gnu11;
				GCC_DYNAMIC_NO_PIC = NO;
				GCC_NO_COMMON_BLOCKS = YES;
				GCC_OPTIMIZATION_LEVEL = 0;
				GCC_PREPROCESSOR_DEFINITIONS = (
					"DEBUG=1",
					"$(inherited)",
				);
				GCC_WARN_64_TO_32_BIT_CONVERSION = YES;
				GCC_WARN_ABOUT_RETURN_TYPE = YES_ERROR;
				GCC_WARN_UNDECLARED_SELECTOR = YES;
				GCC_WARN_UNINITIALIZED_AUTOS = YES_AGGRESSIVE;
				GCC_WARN_UNUSED_FUNCTION = YES;
				GCC_WARN_UNUSED_VARIABLE = YES;
				IPHONEOS_DEPLOYMENT_TARGET = 11.3;
				MTL_ENABLE_DEBUG_INFO = YES;
				ONLY_ACTIVE_ARCH = YES;
				SDKROOT = iphoneos;
				SWIFT_ACTIVE_COMPILATION_CONDITIONS = DEBUG;
				SWIFT_OPTIMIZATION_LEVEL = "-Onone";
			};
			name = Debug;
		};
		117B99522077B2DB00E8D534 /* Release */ = {
			isa = XCBuildConfiguration;
			buildSettings = {
				ALWAYS_SEARCH_USER_PATHS = NO;
				CLANG_ANALYZER_NONNULL = YES;
				CLANG_ANALYZER_NUMBER_OBJECT_CONVERSION = YES_AGGRESSIVE;
				CLANG_CXX_LANGUAGE_STANDARD = "gnu++14";
				CLANG_CXX_LIBRARY = "libc++";
				CLANG_ENABLE_MODULES = YES;
				CLANG_ENABLE_OBJC_ARC = YES;
				CLANG_ENABLE_OBJC_WEAK = YES;
				CLANG_WARN_BLOCK_CAPTURE_AUTORELEASING = YES;
				CLANG_WARN_BOOL_CONVERSION = YES;
				CLANG_WARN_COMMA = YES;
				CLANG_WARN_CONSTANT_CONVERSION = YES;
				CLANG_WARN_DEPRECATED_OBJC_IMPLEMENTATIONS = YES;
				CLANG_WARN_DIRECT_OBJC_ISA_USAGE = YES_ERROR;
				CLANG_WARN_DOCUMENTATION_COMMENTS = YES;
				CLANG_WARN_EMPTY_BODY = YES;
				CLANG_WARN_ENUM_CONVERSION = YES;
				CLANG_WARN_INFINITE_RECURSION = YES;
				CLANG_WARN_INT_CONVERSION = YES;
				CLANG_WARN_NON_LITERAL_NULL_CONVERSION = YES;
				CLANG_WARN_OBJC_IMPLICIT_RETAIN_SELF = YES;
				CLANG_WARN_OBJC_LITERAL_CONVERSION = YES;
				CLANG_WARN_OBJC_ROOT_CLASS = YES_ERROR;
				CLANG_WARN_RANGE_LOOP_ANALYSIS = YES;
				CLANG_WARN_STRICT_PROTOTYPES = YES;
				CLANG_WARN_SUSPICIOUS_MOVE = YES;
				CLANG_WARN_UNGUARDED_AVAILABILITY = YES_AGGRESSIVE;
				CLANG_WARN_UNREACHABLE_CODE = YES;
				CLANG_WARN__DUPLICATE_METHOD_MATCH = YES;
				CODE_SIGN_IDENTITY = "iPhone Developer";
				COPY_PHASE_STRIP = NO;
				DEBUG_INFORMATION_FORMAT = "dwarf-with-dsym";
				ENABLE_NS_ASSERTIONS = NO;
				ENABLE_STRICT_OBJC_MSGSEND = YES;
				GCC_C_LANGUAGE_STANDARD = gnu11;
				GCC_NO_COMMON_BLOCKS = YES;
				GCC_WARN_64_TO_32_BIT_CONVERSION = YES;
				GCC_WARN_ABOUT_RETURN_TYPE = YES_ERROR;
				GCC_WARN_UNDECLARED_SELECTOR = YES;
				GCC_WARN_UNINITIALIZED_AUTOS = YES_AGGRESSIVE;
				GCC_WARN_UNUSED_FUNCTION = YES;
				GCC_WARN_UNUSED_VARIABLE = YES;
				IPHONEOS_DEPLOYMENT_TARGET = 11.3;
				MTL_ENABLE_DEBUG_INFO = NO;
				SDKROOT = iphoneos;
				SWIFT_COMPILATION_MODE = wholemodule;
				SWIFT_OPTIMIZATION_LEVEL = "-O";
				VALIDATE_PRODUCT = YES;
			};
			name = Release;
		};
		117B99542077B2DB00E8D534 /* Debug */ = {
			isa = XCBuildConfiguration;
			baseConfigurationReference = B4F85993882FCC53590C8D79 /* Pods-ParkBook.debug.xcconfig */;
			buildSettings = {
				ASSETCATALOG_COMPILER_APPICON_NAME = AppIcon;
				CODE_SIGN_STYLE = Automatic;
				INFOPLIST_FILE = ParkBook/Info.plist;
				LD_RUNPATH_SEARCH_PATHS = (
					"$(inherited)",
					"@executable_path/Frameworks",
				);
				OTHER_LDFLAGS = "-ObjC";
				PRODUCT_BUNDLE_IDENTIFIER = com.april.ParkBook;
				PRODUCT_NAME = "$(TARGET_NAME)";
				SWIFT_VERSION = 4.0;
				TARGETED_DEVICE_FAMILY = "1,2";
			};
			name = Debug;
		};
		117B99552077B2DB00E8D534 /* Release */ = {
			isa = XCBuildConfiguration;
			baseConfigurationReference = D6C38CF6F84F3E33E78BF553 /* Pods-ParkBook.release.xcconfig */;
			buildSettings = {
				ASSETCATALOG_COMPILER_APPICON_NAME = AppIcon;
				CODE_SIGN_STYLE = Automatic;
				INFOPLIST_FILE = ParkBook/Info.plist;
				LD_RUNPATH_SEARCH_PATHS = (
					"$(inherited)",
					"@executable_path/Frameworks",
				);
				OTHER_LDFLAGS = "-ObjC";
				PRODUCT_BUNDLE_IDENTIFIER = com.april.ParkBook;
				PRODUCT_NAME = "$(TARGET_NAME)";
				SWIFT_VERSION = 4.0;
				TARGETED_DEVICE_FAMILY = "1,2";
			};
			name = Release;
		};
/* End XCBuildConfiguration section */

/* Begin XCConfigurationList section */
		117B993C2077B2D800E8D534 /* Build configuration list for PBXProject "ParkBook" */ = {
			isa = XCConfigurationList;
			buildConfigurations = (
				117B99512077B2DB00E8D534 /* Debug */,
				117B99522077B2DB00E8D534 /* Release */,
			);
			defaultConfigurationIsVisible = 0;
			defaultConfigurationName = Release;
		};
		117B99532077B2DB00E8D534 /* Build configuration list for PBXNativeTarget "ParkBook" */ = {
			isa = XCConfigurationList;
			buildConfigurations = (
				117B99542077B2DB00E8D534 /* Debug */,
				117B99552077B2DB00E8D534 /* Release */,
			);
			defaultConfigurationIsVisible = 0;
			defaultConfigurationName = Release;
		};
/* End XCConfigurationList section */
	};
	rootObject = 117B99392077B2D800E8D534 /* Project object */;
}
